lockfileVersion: '9.0'

settings:
  autoInstallPeers: true
  excludeLinksFromLockfile: false

importers:

  .:
    dependencies:
      '@eslint/js':
        specifier: ^9.37.0
        version: 9.37.0
      eslint:
        specifier: ^9.37.0
        version: 9.37.0
      eslint-config-prettier:
        specifier: ^10.1.8
        version: 10.1.8(eslint@9.37.0)
      eslint-plugin-prettier:
        specifier: ^5.5.4
        version: 5.5.4(eslint-config-prettier@10.1.8(eslint@9.37.0))(eslint@9.37.0)(prettier@3.6.2)
      globals:
        specifier: ^16.4.0
        version: 16.4.0
      prettier:
        specifier: ^3.6.2
        version: 3.6.2
      typescript:
        specifier: ^5.9.3
        version: 5.9.3
      typescript-eslint:
        specifier: ^8.46.0
        version: 8.46.0(eslint@9.37.0)(typescript@5.9.3)

packages:

  '@eslint-community/eslint-utils@4.9.0':
    resolution: {integrity: sha1-cwjfFY4GTw3YuP21iqFPoqf5E7M=, tarball: http://r.npm.sankuai.com/@eslint-community/eslint-utils/download/@eslint-community/eslint-utils-4.9.0.tgz}
    engines: {node: ^12.22.0 || ^14.17.0 || >=16.0.0}
    peerDependencies:
      eslint: ^6.0.0 || ^7.0.0 || >=8.0.0

  '@eslint-community/regexpp@4.12.1':
    resolution: {integrity: sha1-z8bP/jnfOQo4Qc3iq8z5Lqp64OA=, tarball: http://r.npm.sankuai.com/@eslint-community/regexpp/download/@eslint-community/regexpp-4.12.1.tgz}
    engines: {node: ^12.0.0 || ^14.0.0 || >=16.0.0}

  '@eslint/config-array@0.21.0':
    resolution: {integrity: sha1-q9vL0WsSTGOAgXZjkqTWtQn3JjY=, tarball: http://r.npm.sankuai.com/@eslint/config-array/download/@eslint/config-array-0.21.0.tgz}
    engines: {node: ^18.18.0 || ^20.9.0 || >=21.1.0}

  '@eslint/config-helpers@0.4.0':
    resolution: {integrity: sha1-6flLo7W4deMiBcuD/s4Y5kSG6eY=, tarball: http://r.npm.sankuai.com/@eslint/config-helpers/download/@eslint/config-helpers-0.4.0.tgz}
    engines: {node: ^18.18.0 || ^20.9.0 || >=21.1.0}

  '@eslint/core@0.16.0':
    resolution: {integrity: sha1-SQJU8nW6lmfdurNE9PCmt6e9cgk=, tarball: http://r.npm.sankuai.com/@eslint/core/download/@eslint/core-0.16.0.tgz}
    engines: {node: ^18.18.0 || ^20.9.0 || >=21.1.0}

  '@eslint/eslintrc@3.3.1':
    resolution: {integrity: sha1-5V9/HdQAYA3QZtu6NJxMC6yRaWQ=, tarball: http://r.npm.sankuai.com/@eslint/eslintrc/download/@eslint/eslintrc-3.3.1.tgz}
    engines: {node: ^18.18.0 || ^20.9.0 || >=21.1.0}

  '@eslint/js@9.37.0':
    resolution: {integrity: sha1-DP1ap2P+XR7mC+34TNFPVLz54hs=, tarball: http://r.npm.sankuai.com/@eslint/js/download/@eslint/js-9.37.0.tgz}
    engines: {node: ^18.18.0 || ^20.9.0 || >=21.1.0}

  '@eslint/object-schema@2.1.6':
    resolution: {integrity: sha1-WDaatbWzyhF4gMD2wLDzL2lQ8k8=, tarball: http://r.npm.sankuai.com/@eslint/object-schema/download/@eslint/object-schema-2.1.6.tgz}
    engines: {node: ^18.18.0 || ^20.9.0 || >=21.1.0}

  '@eslint/plugin-kit@0.4.0':
    resolution: {integrity: sha1-9qJFtCiGq/b8nHq3dEqTIlAzWrI=, tarball: http://r.npm.sankuai.com/@eslint/plugin-kit/download/@eslint/plugin-kit-0.4.0.tgz}
    engines: {node: ^18.18.0 || ^20.9.0 || >=21.1.0}

  '@humanfs/core@0.19.1':
    resolution: {integrity: sha1-F8Vcp9Qmcz/jxWGQa4Fzwza0Cnc=, tarball: http://r.npm.sankuai.com/@humanfs/core/download/@humanfs/core-0.19.1.tgz}
    engines: {node: '>=18.18.0'}

  '@humanfs/node@0.16.7':
    resolution: {integrity: sha1-giy3s6EsWiQKJPYhtaJBPiekXyY=, tarball: http://r.npm.sankuai.com/@humanfs/node/download/@humanfs/node-0.16.7.tgz}
    engines: {node: '>=18.18.0'}

  '@humanwhocodes/module-importer@1.0.1':
    resolution: {integrity: sha1-r1smkaIrRL6EewyoFkHF+2rQFyw=, tarball: http://r.npm.sankuai.com/@humanwhocodes/module-importer/download/@humanwhocodes/module-importer-1.0.1.tgz}
    engines: {node: '>=12.22'}

  '@humanwhocodes/retry@0.4.3':
    resolution: {integrity: sha1-wrnS43TuYsWG062+qHGZsdenpro=, tarball: http://r.npm.sankuai.com/@humanwhocodes/retry/download/@humanwhocodes/retry-0.4.3.tgz}
    engines: {node: '>=18.18'}

  '@nodelib/fs.scandir@2.1.5':
    resolution: {integrity: sha1-dhnC6yGyVIP20WdUi0z9WnSIw9U=, tarball: http://r.npm.sankuai.com/@nodelib/fs.scandir/download/@nodelib/fs.scandir-2.1.5.tgz}
    engines: {node: '>= 8'}

  '@nodelib/fs.stat@2.0.5':
    resolution: {integrity: sha1-W9Jir5Tp0lvR5xsF3u1Eh2oiLos=, tarball: http://r.npm.sankuai.com/@nodelib/fs.stat/download/@nodelib/fs.stat-2.0.5.tgz}
    engines: {node: '>= 8'}

  '@nodelib/fs.walk@1.2.8':
    resolution: {integrity: sha1-6Vc36LtnRt3t9pxVaVNJTxlv5po=, tarball: http://r.npm.sankuai.com/@nodelib/fs.walk/download/@nodelib/fs.walk-1.2.8.tgz}
    engines: {node: '>= 8'}

  '@pkgr/core@0.2.9':
    resolution: {integrity: sha1-0imnt/nawWehVpku8jx/AjZT9Ts=, tarball: http://r.npm.sankuai.com/@pkgr/core/download/@pkgr/core-0.2.9.tgz}
    engines: {node: ^12.20.0 || ^14.18.0 || >=16.0.0}

  '@types/estree@1.0.8':
    resolution: {integrity: sha1-lYuRyZGxhnztMYvt6g4hXuBQcm4=, tarball: http://r.npm.sankuai.com/@types/estree/download/@types/estree-1.0.8.tgz}

  '@types/json-schema@7.0.15':
    resolution: {integrity: sha1-WWoXRyM2lNUPatinhp/Lb1bPWEE=, tarball: http://r.npm.sankuai.com/@types/json-schema/download/@types/json-schema-7.0.15.tgz}

  '@typescript-eslint/eslint-plugin@8.46.0':
    resolution: {integrity: sha1-/JCzXYAlteqmay9sOFnNU4Gh51E=, tarball: http://r.npm.sankuai.com/@typescript-eslint/eslint-plugin/download/@typescript-eslint/eslint-plugin-8.46.0.tgz}
    engines: {node: ^18.18.0 || ^20.9.0 || >=21.1.0}
    peerDependencies:
      '@typescript-eslint/parser': ^8.46.0
      eslint: ^8.57.0 || ^9.0.0
      typescript: '>=4.8.4 <6.0.0'

  '@typescript-eslint/parser@8.46.0':
    resolution: {integrity: sha1-kYbyjFn25HeriRkxLSZU9PJ9RcE=, tarball: http://r.npm.sankuai.com/@typescript-eslint/parser/download/@typescript-eslint/parser-8.46.0.tgz}
    engines: {node: ^18.18.0 || ^20.9.0 || >=21.1.0}
    peerDependencies:
      eslint: ^8.57.0 || ^9.0.0
      typescript: '>=4.8.4 <6.0.0'

  '@typescript-eslint/project-service@8.46.0':
    resolution: {integrity: sha1-EZDcwNNJTUaoV3Pgw6KDjLsrRac=, tarball: http://r.npm.sankuai.com/@typescript-eslint/project-service/download/@typescript-eslint/project-service-8.46.0.tgz}
    engines: {node: ^18.18.0 || ^20.9.0 || >=21.1.0}
    peerDependencies:
      typescript: '>=4.8.4 <6.0.0'

  '@typescript-eslint/scope-manager@8.46.0':
    resolution: {integrity: sha1-pBgz/jhwRAdcstTPq0kKfx3Rm2E=, tarball: http://r.npm.sankuai.com/@typescript-eslint/scope-manager/download/@typescript-eslint/scope-manager-8.46.0.tgz}
    engines: {node: ^18.18.0 || ^20.9.0 || >=21.1.0}

  '@typescript-eslint/tsconfig-utils@8.46.0':
    resolution: {integrity: sha1-PjMBnguUg40318xhNB+8xb95EAc=, tarball: http://r.npm.sankuai.com/@typescript-eslint/tsconfig-utils/download/@typescript-eslint/tsconfig-utils-8.46.0.tgz}
    engines: {node: ^18.18.0 || ^20.9.0 || >=21.1.0}
    peerDependencies:
      typescript: '>=4.8.4 <6.0.0'

  '@typescript-eslint/type-utils@8.46.0':
    resolution: {integrity: sha1-gV7+sRuVM9po/YJWKM7PKDrHmCk=, tarball: http://r.npm.sankuai.com/@typescript-eslint/type-utils/download/@typescript-eslint/type-utils-8.46.0.tgz}
    engines: {node: ^18.18.0 || ^20.9.0 || >=21.1.0}
    peerDependencies:
      eslint: ^8.57.0 || ^9.0.0
      typescript: '>=4.8.4 <6.0.0'

  '@typescript-eslint/types@8.46.0':
    resolution: {integrity: sha1-IK9rMy+c1VoV/Nhi/bB9R6YTG/Q=, tarball: http://r.npm.sankuai.com/@typescript-eslint/types/download/@typescript-eslint/types-8.46.0.tgz}
    engines: {node: ^18.18.0 || ^20.9.0 || >=21.1.0}

  '@typescript-eslint/typescript-estree@8.46.0':
    resolution: {integrity: sha1-9FoNX16Zsm8CgOjP8+0zgGWP1yA=, tarball: http://r.npm.sankuai.com/@typescript-eslint/typescript-estree/download/@typescript-eslint/typescript-estree-8.46.0.tgz}
    engines: {node: ^18.18.0 || ^20.9.0 || >=21.1.0}
    peerDependencies:
      typescript: '>=4.8.4 <6.0.0'

  '@typescript-eslint/utils@8.46.0':
    resolution: {integrity: sha1-JwJcXtfLyShEDWow7da6NMxbkno=, tarball: http://r.npm.sankuai.com/@typescript-eslint/utils/download/@typescript-eslint/utils-8.46.0.tgz}
    engines: {node: ^18.18.0 || ^20.9.0 || >=21.1.0}
    peerDependencies:
      eslint: ^8.57.0 || ^9.0.0
      typescript: '>=4.8.4 <6.0.0'

  '@typescript-eslint/visitor-keys@8.46.0':
    resolution: {integrity: sha1-I5NoCQVMUR9wNxPFbd0vRtwZeEU=, tarball: http://r.npm.sankuai.com/@typescript-eslint/visitor-keys/download/@typescript-eslint/visitor-keys-8.46.0.tgz}
    engines: {node: ^18.18.0 || ^20.9.0 || >=21.1.0}

  acorn-jsx@5.3.2:
    resolution: {integrity: sha1-ftW7VZCLOy8bxVxq8WU7rafweTc=, tarball: http://r.npm.sankuai.com/acorn-jsx/download/acorn-jsx-5.3.2.tgz}
    peerDependencies:
      acorn: ^6.0.0 || ^7.0.0 || ^8.0.0

  acorn@8.15.0:
    resolution: {integrity: sha1-o2CJi8QV7arEbIJB9jg5dbkwuBY=, tarball: http://r.npm.sankuai.com/acorn/download/acorn-8.15.0.tgz}
    engines: {node: '>=0.4.0'}
    hasBin: true

  ajv@6.12.6:
    resolution: {integrity: sha1-uvWmLoArB9l3A0WG+MO69a3ybfQ=, tarball: http://r.npm.sankuai.com/ajv/download/ajv-6.12.6.tgz}

  ansi-styles@4.3.0:
    resolution: {integrity: sha1-7dgDYornHATIWuegkG7a00tkiTc=, tarball: http://r.npm.sankuai.com/ansi-styles/download/ansi-styles-4.3.0.tgz}
    engines: {node: '>=8'}

  argparse@2.0.1:
    resolution: {integrity: sha1-JG9Q88p4oyQPbJl+ipvR6sSeSzg=, tarball: http://r.npm.sankuai.com/argparse/download/argparse-2.0.1.tgz}

  balanced-match@1.0.2:
    resolution: {integrity: sha1-6D46fj8wCzTLnYf2FfoMvzV2kO4=, tarball: http://r.npm.sankuai.com/balanced-match/download/balanced-match-1.0.2.tgz}

  brace-expansion@1.1.12:
    resolution: {integrity: sha1-q5tFRGblqMw6GHvqrVgEEqnFuEM=, tarball: http://r.npm.sankuai.com/brace-expansion/download/brace-expansion-1.1.12.tgz}

  brace-expansion@2.0.2:
    resolution: {integrity: sha1-VPxTI3phPYVMe9N0Y6rRffhyFOc=, tarball: http://r.npm.sankuai.com/brace-expansion/download/brace-expansion-2.0.2.tgz}

  braces@3.0.3:
    resolution: {integrity: sha1-SQMy9AkZRSJy1VqEgK3AxEE1h4k=, tarball: http://r.npm.sankuai.com/braces/download/braces-3.0.3.tgz}
    engines: {node: '>=8'}

  callsites@3.1.0:
    resolution: {integrity: sha1-s2MKvYlDQy9Us/BRkjjjPNffL3M=, tarball: http://r.npm.sankuai.com/callsites/download/callsites-3.1.0.tgz}
    engines: {node: '>=6'}

  chalk@4.1.2:
    resolution: {integrity: sha1-qsTit3NKdAhnrrFr8CqtVWoeegE=, tarball: http://r.npm.sankuai.com/chalk/download/chalk-4.1.2.tgz}
    engines: {node: '>=10'}

  color-convert@2.0.1:
    resolution: {integrity: sha1-ctOmjVmMm9s68q0ehPIdiWq9TeM=, tarball: http://r.npm.sankuai.com/color-convert/download/color-convert-2.0.1.tgz}
    engines: {node: '>=7.0.0'}

  color-name@1.1.4:
    resolution: {integrity: sha1-wqCah6y95pVD3m9j+jmVyCbFNqI=, tarball: http://r.npm.sankuai.com/color-name/download/color-name-1.1.4.tgz}

  concat-map@0.0.1:
    resolution: {integrity: sha1-2Klr13/Wjfd5OnMDajug1UBdR3s=, tarball: http://r.npm.sankuai.com/concat-map/download/concat-map-0.0.1.tgz}

  cross-spawn@7.0.6:
    resolution: {integrity: sha1-ilj+ePANzXDDcEUXWd+/rwPo7p8=, tarball: http://r.npm.sankuai.com/cross-spawn/download/cross-spawn-7.0.6.tgz}
    engines: {node: '>= 8'}

  debug@4.4.3:
    resolution: {integrity: sha1-xq5DLZvZZiWC/OCHCbA4xY6ePWo=, tarball: http://r.npm.sankuai.com/debug/download/debug-4.4.3.tgz}
    engines: {node: '>=6.0'}
    peerDependencies:
      supports-color: '*'
    peerDependenciesMeta:
      supports-color:
        optional: true

  deep-is@0.1.4:
    resolution: {integrity: sha1-pvLc5hL63S7x9Rm3NVHxfoUZmDE=, tarball: http://r.npm.sankuai.com/deep-is/download/deep-is-0.1.4.tgz}

  escape-string-regexp@4.0.0:
    resolution: {integrity: sha1-FLqDpdNz49MR5a/KKc9b+tllvzQ=, tarball: http://r.npm.sankuai.com/escape-string-regexp/download/escape-string-regexp-4.0.0.tgz}
    engines: {node: '>=10'}

  eslint-config-prettier@10.1.8:
    resolution: {integrity: sha1-FXNM5K+MJ3jMMvCwGzewtc0ey5c=, tarball: http://r.npm.sankuai.com/eslint-config-prettier/download/eslint-config-prettier-10.1.8.tgz}
    hasBin: true
    peerDependencies:
      eslint: '>=7.0.0'

  eslint-plugin-prettier@5.5.4:
    resolution: {integrity: sha1-nWHE6hHeWvcE1O3xCMgsz6fy5hw=, tarball: http://r.npm.sankuai.com/eslint-plugin-prettier/download/eslint-plugin-prettier-5.5.4.tgz}
    engines: {node: ^14.18.0 || >=16.0.0}
    peerDependencies:
      '@types/eslint': '>=8.0.0'
      eslint: '>=8.0.0'
      eslint-config-prettier: '>= 7.0.0 <10.0.0 || >=10.1.0'
      prettier: '>=3.0.0'
    peerDependenciesMeta:
      '@types/eslint':
        optional: true
      eslint-config-prettier:
        optional: true

  eslint-scope@8.4.0:
    resolution: {integrity: sha1-iOZGogf61hQ2/6OetQUUcgBlXII=, tarball: http://r.npm.sankuai.com/eslint-scope/download/eslint-scope-8.4.0.tgz}
    engines: {node: ^18.18.0 || ^20.9.0 || >=21.1.0}

  eslint-visitor-keys@3.4.3:
    resolution: {integrity: sha1-DNcv6FUOPC6uFWqWpN3c0cisWAA=, tarball: http://r.npm.sankuai.com/eslint-visitor-keys/download/eslint-visitor-keys-3.4.3.tgz}
    engines: {node: ^12.22.0 || ^14.17.0 || >=16.0.0}

  eslint-visitor-keys@4.2.1:
    resolution: {integrity: sha1-TP6mD+fdCtjoFuHtAmwdUlG1EsE=, tarball: http://r.npm.sankuai.com/eslint-visitor-keys/download/eslint-visitor-keys-4.2.1.tgz}
    engines: {node: ^18.18.0 || ^20.9.0 || >=21.1.0}

  eslint@9.37.0:
    resolution: {integrity: sha1-rAIiEn92sJwNtjA29P4olWIHLXQ=, tarball: http://r.npm.sankuai.com/eslint/download/eslint-9.37.0.tgz}
    engines: {node: ^18.18.0 || ^20.9.0 || >=21.1.0}
    hasBin: true
    peerDependencies:
      jiti: '*'
    peerDependenciesMeta:
      jiti:
        optional: true

  espree@10.4.0:
    resolution: {integrity: sha1-1U9JSdRikAWh+haNk3w/8ffiqDc=, tarball: http://r.npm.sankuai.com/espree/download/espree-10.4.0.tgz}
    engines: {node: ^18.18.0 || ^20.9.0 || >=21.1.0}

  esquery@1.6.0:
    resolution: {integrity: sha1-kUGSNPgE2FKoLc7sPhbNwiz52uc=, tarball: http://r.npm.sankuai.com/esquery/download/esquery-1.6.0.tgz}
    engines: {node: '>=0.10'}

  esrecurse@4.3.0:
    resolution: {integrity: sha1-eteWTWeauyi+5yzsY3WLHF0smSE=, tarball: http://r.npm.sankuai.com/esrecurse/download/esrecurse-4.3.0.tgz}
    engines: {node: '>=4.0'}

  estraverse@5.3.0:
    resolution: {integrity: sha1-LupSkHAvJquP5TcDcP+GyWXSESM=, tarball: http://r.npm.sankuai.com/estraverse/download/estraverse-5.3.0.tgz}
    engines: {node: '>=4.0'}

  esutils@2.0.3:
    resolution: {integrity: sha1-dNLrTeC42hKTcRkQ1Qd1ubcQ72Q=, tarball: http://r.npm.sankuai.com/esutils/download/esutils-2.0.3.tgz}
    engines: {node: '>=0.10.0'}

  fast-deep-equal@3.1.3:
    resolution: {integrity: sha1-On1WtVnWy8PrUSMlJE5hmmXGxSU=, tarball: http://r.npm.sankuai.com/fast-deep-equal/download/fast-deep-equal-3.1.3.tgz}

  fast-diff@1.3.0:
    resolution: {integrity: sha1-7OQH+lUKZNY4U2zXJ+EpxhYW4PA=, tarball: http://r.npm.sankuai.com/fast-diff/download/fast-diff-1.3.0.tgz}

  fast-glob@3.3.3:
    resolution: {integrity: sha1-0G1YXOjbqQoWsFBcVDw8z7OuuBg=, tarball: http://r.npm.sankuai.com/fast-glob/download/fast-glob-3.3.3.tgz}
    engines: {node: '>=8.6.0'}

  fast-json-stable-stringify@2.1.0:
    resolution: {integrity: sha1-h0v2nG9ATCtdmcSBNBOZ/VWJJjM=, tarball: http://r.npm.sankuai.com/fast-json-stable-stringify/download/fast-json-stable-stringify-2.1.0.tgz}

  fast-levenshtein@2.0.6:
    resolution: {integrity: sha1-PYpcZog6FqMMqGQ+hR8Zuqd5eRc=, tarball: http://r.npm.sankuai.com/fast-levenshtein/download/fast-levenshtein-2.0.6.tgz}

  fastq@1.19.1:
    resolution: {integrity: sha1-1Q6rqAPIhGqIPBZJKCHrzSzaVfU=, tarball: http://r.npm.sankuai.com/fastq/download/fastq-1.19.1.tgz}

  file-entry-cache@8.0.0:
    resolution: {integrity: sha1-d4e93PETG/+5JjbGlFe7wO3W2B8=, tarball: http://r.npm.sankuai.com/file-entry-cache/download/file-entry-cache-8.0.0.tgz}
    engines: {node: '>=16.0.0'}

  fill-range@7.1.1:
    resolution: {integrity: sha1-RCZdPKwH4+p9wkdRY4BkN1SgUpI=, tarball: http://r.npm.sankuai.com/fill-range/download/fill-range-7.1.1.tgz}
    engines: {node: '>=8'}

  find-up@5.0.0:
    resolution: {integrity: sha1-TJKBnstwg1YeT0okCoa+UZj1Nvw=, tarball: http://r.npm.sankuai.com/find-up/download/find-up-5.0.0.tgz}
    engines: {node: '>=10'}

  flat-cache@4.0.1:
    resolution: {integrity: sha1-Ds45/LFO4BL0sEEL0z3ZwfAREnw=, tarball: http://r.npm.sankuai.com/flat-cache/download/flat-cache-4.0.1.tgz}
    engines: {node: '>=16'}

  flatted@3.3.3:
    resolution: {integrity: sha1-Z8j62VRUp8er6/dLt47nSkQCM1g=, tarball: http://r.npm.sankuai.com/flatted/download/flatted-3.3.3.tgz}

  glob-parent@5.1.2:
    resolution: {integrity: sha1-hpgyxYA0/mikCTwX3BXoNA2EAcQ=, tarball: http://r.npm.sankuai.com/glob-parent/download/glob-parent-5.1.2.tgz}
    engines: {node: '>= 6'}

  glob-parent@6.0.2:
    resolution: {integrity: sha1-bSN9mQg5UMeSkPJMdkKj3poo+eM=, tarball: http://r.npm.sankuai.com/glob-parent/download/glob-parent-6.0.2.tgz}
    engines: {node: '>=10.13.0'}

  globals@14.0.0:
    resolution: {integrity: sha1-iY10E8Kbq89rr+Vvyt3thYrack4=, tarball: http://r.npm.sankuai.com/globals/download/globals-14.0.0.tgz}
    engines: {node: '>=18'}

  globals@16.4.0:
    resolution: {integrity: sha1-V0vH5ymT1AzyfPbCQfMk7neAjlE=, tarball: http://r.npm.sankuai.com/globals/download/globals-16.4.0.tgz}
    engines: {node: '>=18'}

  graphemer@1.4.0:
    resolution: {integrity: sha1-+y8dVeDjoYSa7/yQxPoN1ToOZsY=, tarball: http://r.npm.sankuai.com/graphemer/download/graphemer-1.4.0.tgz}

  has-flag@4.0.0:
    resolution: {integrity: sha1-lEdx/ZyByBJlxNaUGGDaBrtZR5s=, tarball: http://r.npm.sankuai.com/has-flag/download/has-flag-4.0.0.tgz}
    engines: {node: '>=8'}

  ignore@5.3.2:
    resolution: {integrity: sha1-PNQOcp82Q/2HywTlC/DrcivFlvU=, tarball: http://r.npm.sankuai.com/ignore/download/ignore-5.3.2.tgz}
    engines: {node: '>= 4'}

  ignore@7.0.5:
    resolution: {integrity: sha1-TLX2zX1MerA2VzjHrqiIuqbX79k=, tarball: http://r.npm.sankuai.com/ignore/download/ignore-7.0.5.tgz}
    engines: {node: '>= 4'}

  import-fresh@3.3.1:
    resolution: {integrity: sha1-nOy1ZQPAraHydB271lRuSxO1fM8=, tarball: http://r.npm.sankuai.com/import-fresh/download/import-fresh-3.3.1.tgz}
    engines: {node: '>=6'}

  imurmurhash@0.1.4:
    resolution: {integrity: sha1-khi5srkoojixPcT7a21XbyMUU+o=, tarball: http://r.npm.sankuai.com/imurmurhash/download/imurmurhash-0.1.4.tgz}
    engines: {node: '>=0.8.19'}

  is-extglob@2.1.1:
    resolution: {integrity: sha1-qIwCU1eR8C7TfHahueqXc8gz+MI=, tarball: http://r.npm.sankuai.com/is-extglob/download/is-extglob-2.1.1.tgz}
    engines: {node: '>=0.10.0'}

  is-glob@4.0.3:
    resolution: {integrity: sha1-ZPYeQsu7LuwgcanawLKLoeZdUIQ=, tarball: http://r.npm.sankuai.com/is-glob/download/is-glob-4.0.3.tgz}
    engines: {node: '>=0.10.0'}

  is-number@7.0.0:
    resolution: {integrity: sha1-dTU0W4lnNNX4DE0GxQlVUnoU8Ss=, tarball: http://r.npm.sankuai.com/is-number/download/is-number-7.0.0.tgz}
    engines: {node: '>=0.12.0'}

  isexe@2.0.0:
    resolution: {integrity: sha1-6PvzdNxVb/iUehDcsFctYz8s+hA=, tarball: http://r.npm.sankuai.com/isexe/download/isexe-2.0.0.tgz}

  js-yaml@4.1.0:
    resolution: {integrity: sha1-wftl+PUBeQHN0slRhkuhhFihBgI=, tarball: http://r.npm.sankuai.com/js-yaml/download/js-yaml-4.1.0.tgz}
    hasBin: true

  json-buffer@3.0.1:
    resolution: {integrity: sha1-kziAKjDTtmBfvgYT4JQAjKjAWhM=, tarball: http://r.npm.sankuai.com/json-buffer/download/json-buffer-3.0.1.tgz}

  json-schema-traverse@0.4.1:
    resolution: {integrity: sha1-afaofZUTq4u4/mO9sJecRI5oRmA=, tarball: http://r.npm.sankuai.com/json-schema-traverse/download/json-schema-traverse-0.4.1.tgz}

  json-stable-stringify-without-jsonify@1.0.1:
    resolution: {integrity: sha1-nbe1lJatPzz+8wp1FC0tkwrXJlE=, tarball: http://r.npm.sankuai.com/json-stable-stringify-without-jsonify/download/json-stable-stringify-without-jsonify-1.0.1.tgz}

  keyv@4.5.4:
    resolution: {integrity: sha1-qHmpnilFL5QkOfKkBeOvizHU3pM=, tarball: http://r.npm.sankuai.com/keyv/download/keyv-4.5.4.tgz}

  levn@0.4.1:
    resolution: {integrity: sha1-rkViwAdHO5MqYgDUAyaN0v/8at4=, tarball: http://r.npm.sankuai.com/levn/download/levn-0.4.1.tgz}
    engines: {node: '>= 0.8.0'}

  locate-path@6.0.0:
    resolution: {integrity: sha1-VTIeswn+u8WcSAHZMackUqaB0oY=, tarball: http://r.npm.sankuai.com/locate-path/download/locate-path-6.0.0.tgz}
    engines: {node: '>=10'}

  lodash.merge@4.6.2:
    resolution: {integrity: sha1-VYqlO0O2YeGSWgr9+japoQhf5Xo=, tarball: http://r.npm.sankuai.com/lodash.merge/download/lodash.merge-4.6.2.tgz}

  merge2@1.4.1:
    resolution: {integrity: sha1-Q2iJL4hekHRVpv19xVwMnUBJkK4=, tarball: http://r.npm.sankuai.com/merge2/download/merge2-1.4.1.tgz}
    engines: {node: '>= 8'}

  micromatch@4.0.8:
    resolution: {integrity: sha1-1m+hjzpHB2eJMgubGvMr2G2fogI=, tarball: http://r.npm.sankuai.com/micromatch/download/micromatch-4.0.8.tgz}
    engines: {node: '>=8.6'}

  minimatch@3.1.2:
    resolution: {integrity: sha1-Gc0ZS/0+Qo8EmnCBfAONiatL41s=, tarball: http://r.npm.sankuai.com/minimatch/download/minimatch-3.1.2.tgz}

  minimatch@9.0.5:
    resolution: {integrity: sha1-10+d1rV9g9jpjPuCEzsDl4vJKeU=, tarball: http://r.npm.sankuai.com/minimatch/download/minimatch-9.0.5.tgz}
    engines: {node: '>=16 || 14 >=14.17'}

  ms@2.1.3:
    resolution: {integrity: sha1-V0yBOM4dK1hh8LRFedut1gxmFbI=, tarball: http://r.npm.sankuai.com/ms/download/ms-2.1.3.tgz}

  natural-compare@1.4.0:
    resolution: {integrity: sha1-Sr6/7tdUHywnrPspvbvRXI1bpPc=, tarball: http://r.npm.sankuai.com/natural-compare/download/natural-compare-1.4.0.tgz}

  optionator@0.9.4:
    resolution: {integrity: sha1-fqHBpdkddk+yghOciP4R4YKjpzQ=, tarball: http://r.npm.sankuai.com/optionator/download/optionator-0.9.4.tgz}
    engines: {node: '>= 0.8.0'}

  p-limit@3.1.0:
    resolution: {integrity: sha1-4drMvnjQ0TiMoYxk/qOOPlfjcGs=, tarball: http://r.npm.sankuai.com/p-limit/download/p-limit-3.1.0.tgz}
    engines: {node: '>=10'}

  p-locate@5.0.0:
    resolution: {integrity: sha1-g8gxXGeFAF470CGDlBHJ4RDm2DQ=, tarball: http://r.npm.sankuai.com/p-locate/download/p-locate-5.0.0.tgz}
    engines: {node: '>=10'}

  parent-module@1.0.1:
    resolution: {integrity: sha1-aR0nCeeMefrjoVZiJFLQB2LKqqI=, tarball: http://r.npm.sankuai.com/parent-module/download/parent-module-1.0.1.tgz}
    engines: {node: '>=6'}

  path-exists@4.0.0:
    resolution: {integrity: sha1-UTvb4tO5XXdi6METfvoZXGxhtbM=, tarball: http://r.npm.sankuai.com/path-exists/download/path-exists-4.0.0.tgz}
    engines: {node: '>=8'}

  path-key@3.1.1:
    resolution: {integrity: sha1-WB9q3mWMu6ZaDTOA3ndTKVBU83U=, tarball: http://r.npm.sankuai.com/path-key/download/path-key-3.1.1.tgz}
    engines: {node: '>=8'}

  picomatch@2.3.1:
    resolution: {integrity: sha1-O6ODNzNkbZ0+SZWUbBNlpn+wekI=, tarball: http://r.npm.sankuai.com/picomatch/download/picomatch-2.3.1.tgz}
    engines: {node: '>=8.6'}

  prelude-ls@1.2.1:
    resolution: {integrity: sha1-3rxkidem5rDnYRiIzsiAM30xY5Y=, tarball: http://r.npm.sankuai.com/prelude-ls/download/prelude-ls-1.2.1.tgz}
    engines: {node: '>= 0.8.0'}

  prettier-linter-helpers@1.0.0:
    resolution: {integrity: sha1-0j1B/hN1ZG3i0BBNNFSjAIgCz3s=, tarball: http://r.npm.sankuai.com/prettier-linter-helpers/download/prettier-linter-helpers-1.0.0.tgz}
    engines: {node: '>=6.0.0'}

  prettier@3.6.2:
    resolution: {integrity: sha1-zNoCoQA+u7K/2m+DoHSXj2CLk5M=, tarball: http://r.npm.sankuai.com/prettier/download/prettier-3.6.2.tgz}
    engines: {node: '>=14'}
    hasBin: true

  punycode@2.3.1:
    resolution: {integrity: sha1-AnQi4vrsCyXhVJw+G9gwm5EztuU=, tarball: http://r.npm.sankuai.com/punycode/download/punycode-2.3.1.tgz}
    engines: {node: '>=6'}

  queue-microtask@1.2.3:
    resolution: {integrity: sha1-SSkii7xyTfrEPg77BYyve2z7YkM=, tarball: http://r.npm.sankuai.com/queue-microtask/download/queue-microtask-1.2.3.tgz}

  resolve-from@4.0.0:
    resolution: {integrity: sha1-SrzYUq0y3Xuqv+m0DgCjbbXzkuY=, tarball: http://r.npm.sankuai.com/resolve-from/download/resolve-from-4.0.0.tgz}
    engines: {node: '>=4'}

  reusify@1.1.0:
    resolution: {integrity: sha1-D+E7lSLhRz9RtVjueW4I8R+bSJ8=, tarball: http://r.npm.sankuai.com/reusify/download/reusify-1.1.0.tgz}
    engines: {iojs: '>=1.0.0', node: '>=0.10.0'}

  run-parallel@1.2.0:
    resolution: {integrity: sha1-ZtE2jae9+SHrnZW9GpIp5/IaQ+4=, tarball: http://r.npm.sankuai.com/run-parallel/download/run-parallel-1.2.0.tgz}

  semver@7.7.3:
    resolution: {integrity: sha1-S19BQ9AHYzqNxnHNCm75FHuLuUY=, tarball: http://r.npm.sankuai.com/semver/download/semver-7.7.3.tgz}
    engines: {node: '>=10'}
    hasBin: true

  shebang-command@2.0.0:
    resolution: {integrity: sha1-zNCvT4g1+9wmW4JGGq8MNmY/NOo=, tarball: http://r.npm.sankuai.com/shebang-command/download/shebang-command-2.0.0.tgz}
    engines: {node: '>=8'}

  shebang-regex@3.0.0:
    resolution: {integrity: sha1-rhbxZE2HPsrYQ7AwexQzYtTEIXI=, tarball: http://r.npm.sankuai.com/shebang-regex/download/shebang-regex-3.0.0.tgz}
    engines: {node: '>=8'}

  strip-json-comments@3.1.1:
    resolution: {integrity: sha1-MfEoGzgyYwQ0gxwxDAHMzajL4AY=, tarball: http://r.npm.sankuai.com/strip-json-comments/download/strip-json-comments-3.1.1.tgz}
    engines: {node: '>=8'}

  supports-color@7.2.0:
    resolution: {integrity: sha1-G33NyzK4E4gBs+R4umpRyqiWSNo=, tarball: http://r.npm.sankuai.com/supports-color/download/supports-color-7.2.0.tgz}
    engines: {node: '>=8'}

  synckit@0.11.11:
    resolution: {integrity: sha1-wLYZzyWKl/qiCRVdnNFpm1yZjLA=, tarball: http://r.npm.sankuai.com/synckit/download/synckit-0.11.11.tgz}
    engines: {node: ^14.18.0 || >=16.0.0}

  to-regex-range@5.0.1:
    resolution: {integrity: sha1-FkjESq58jZiKMmAY7XL1tN0DkuQ=, tarball: http://r.npm.sankuai.com/to-regex-range/download/to-regex-range-5.0.1.tgz}
    engines: {node: '>=8.0'}

  ts-api-utils@2.1.0:
    resolution: {integrity: sha1-WV9wlORu7TZME/0j51+VE9Kbr5E=, tarball: http://r.npm.sankuai.com/ts-api-utils/download/ts-api-utils-2.1.0.tgz}
    engines: {node: '>=18.12'}
    peerDependencies:
      typescript: '>=4.8.4'

  type-check@0.4.0:
    resolution: {integrity: sha1-B7ggO/pwVsBlcFDjzNLDdzC6uPE=, tarball: http://r.npm.sankuai.com/type-check/download/type-check-0.4.0.tgz}
    engines: {node: '>= 0.8.0'}

  typescript-eslint@8.46.0:
    resolution: {integrity: sha1-+xw3qQ+t9C/hyPixkrl0ttnEOcw=, tarball: http://r.npm.sankuai.com/typescript-eslint/download/typescript-eslint-8.46.0.tgz}
    engines: {node: ^18.18.0 || ^20.9.0 || >=21.1.0}
    peerDependencies:
      eslint: ^8.57.0 || ^9.0.0
      typescript: '>=4.8.4 <6.0.0'

  typescript@5.9.3:
    resolution: {integrity: sha1-W09Z4VMQqxeiFvXWz1PuR27eZw8=, tarball: http://r.npm.sankuai.com/typescript/download/typescript-5.9.3.tgz}
    engines: {node: '>=14.17'}
    hasBin: true

  uri-js@4.4.1:
    resolution: {integrity: sha1-mxpSWVIlhZ5V9mnZKPiMbFfyp34=, tarball: http://r.npm.sankuai.com/uri-js/download/uri-js-4.4.1.tgz}

  which@2.0.2:
    resolution: {integrity: sha1-fGqN0KY2oDJ+ELWckobu6T8/UbE=, tarball: http://r.npm.sankuai.com/which/download/which-2.0.2.tgz}
    engines: {node: '>= 8'}
    hasBin: true

  word-wrap@1.2.5:
    resolution: {integrity: sha1-0sRcbdT7zmIaZvE2y+Mor9BBCzQ=, tarball: http://r.npm.sankuai.com/word-wrap/download/word-wrap-1.2.5.tgz}
    engines: {node: '>=0.10.0'}

  yocto-queue@0.1.0:
    resolution: {integrity: sha1-ApTrPe4FAo0x7hpfosVWpqrxChs=, tarball: http://r.npm.sankuai.com/yocto-queue/download/yocto-queue-0.1.0.tgz}
    engines: {node: '>=10'}

snapshots:

  '@eslint-community/eslint-utils@4.9.0(eslint@9.37.0)':
    dependencies:
      eslint: 9.37.0
      eslint-visitor-keys: 3.4.3

  '@eslint-community/regexpp@4.12.1': {}

  '@eslint/config-array@0.21.0':
    dependencies:
      '@eslint/object-schema': 2.1.6
      debug: 4.4.3
      minimatch: 3.1.2
    transitivePeerDependencies:
      - supports-color

  '@eslint/config-helpers@0.4.0':
    dependencies:
      '@eslint/core': 0.16.0

  '@eslint/core@0.16.0':
    dependencies:
      '@types/json-schema': 7.0.15

  '@eslint/eslintrc@3.3.1':
    dependencies:
      ajv: 6.12.6
      debug: 4.4.3
      espree: 10.4.0
      globals: 14.0.0
      ignore: 5.3.2
      import-fresh: 3.3.1
      js-yaml: 4.1.0
      minimatch: 3.1.2
      strip-json-comments: 3.1.1
    transitivePeerDependencies:
      - supports-color

  '@eslint/js@9.37.0': {}

  '@eslint/object-schema@2.1.6': {}

  '@eslint/plugin-kit@0.4.0':
    dependencies:
      '@eslint/core': 0.16.0
      levn: 0.4.1

  '@humanfs/core@0.19.1': {}

  '@humanfs/node@0.16.7':
    dependencies:
      '@humanfs/core': 0.19.1
      '@humanwhocodes/retry': 0.4.3

  '@humanwhocodes/module-importer@1.0.1': {}

  '@humanwhocodes/retry@0.4.3': {}

  '@nodelib/fs.scandir@2.1.5':
    dependencies:
      '@nodelib/fs.stat': 2.0.5
      run-parallel: 1.2.0

  '@nodelib/fs.stat@2.0.5': {}

  '@nodelib/fs.walk@1.2.8':
    dependencies:
      '@nodelib/fs.scandir': 2.1.5
      fastq: 1.19.1

  '@pkgr/core@0.2.9': {}

  '@types/estree@1.0.8': {}

  '@types/json-schema@7.0.15': {}

  '@typescript-eslint/eslint-plugin@8.46.0(@typescript-eslint/parser@8.46.0(eslint@9.37.0)(typescript@5.9.3))(eslint@9.37.0)(typescript@5.9.3)':
    dependencies:
      '@eslint-community/regexpp': 4.12.1
      '@typescript-eslint/parser': 8.46.0(eslint@9.37.0)(typescript@5.9.3)
      '@typescript-eslint/scope-manager': 8.46.0
      '@typescript-eslint/type-utils': 8.46.0(eslint@9.37.0)(typescript@5.9.3)
      '@typescript-eslint/utils': 8.46.0(eslint@9.37.0)(typescript@5.9.3)
      '@typescript-eslint/visitor-keys': 8.46.0
      eslint: 9.37.0
      graphemer: 1.4.0
      ignore: 7.0.5
      natural-compare: 1.4.0
      ts-api-utils: 2.1.0(typescript@5.9.3)
      typescript: 5.9.3
    transitivePeerDependencies:
      - supports-color

  '@typescript-eslint/parser@8.46.0(eslint@9.37.0)(typescript@5.9.3)':
    dependencies:
      '@typescript-eslint/scope-manager': 8.46.0
      '@typescript-eslint/types': 8.46.0
      '@typescript-eslint/typescript-estree': 8.46.0(typescript@5.9.3)
      '@typescript-eslint/visitor-keys': 8.46.0
      debug: 4.4.3
      eslint: 9.37.0
      typescript: 5.9.3
    transitivePeerDependencies:
      - supports-color

  '@typescript-eslint/project-service@8.46.0(typescript@5.9.3)':
    dependencies:
      '@typescript-eslint/tsconfig-utils': 8.46.0(typescript@5.9.3)
      '@typescript-eslint/types': 8.46.0
      debug: 4.4.3
      typescript: 5.9.3
    transitivePeerDependencies:
      - supports-color

  '@typescript-eslint/scope-manager@8.46.0':
    dependencies:
      '@typescript-eslint/types': 8.46.0
      '@typescript-eslint/visitor-keys': 8.46.0

  '@typescript-eslint/tsconfig-utils@8.46.0(typescript@5.9.3)':
    dependencies:
      typescript: 5.9.3

  '@typescript-eslint/type-utils@8.46.0(eslint@9.37.0)(typescript@5.9.3)':
    dependencies:
      '@typescript-eslint/types': 8.46.0
      '@typescript-eslint/typescript-estree': 8.46.0(typescript@5.9.3)
      '@typescript-eslint/utils': 8.46.0(eslint@9.37.0)(typescript@5.9.3)
      debug: 4.4.3
      eslint: 9.37.0
      ts-api-utils: 2.1.0(typescript@5.9.3)
      typescript: 5.9.3
    transitivePeerDependencies:
      - supports-color

  '@typescript-eslint/types@8.46.0': {}

  '@typescript-eslint/typescript-estree@8.46.0(typescript@5.9.3)':
    dependencies:
      '@typescript-eslint/project-service': 8.46.0(typescript@5.9.3)
      '@typescript-eslint/tsconfig-utils': 8.46.0(typescript@5.9.3)
      '@typescript-eslint/types': 8.46.0
      '@typescript-eslint/visitor-keys': 8.46.0
      debug: 4.4.3
      fast-glob: 3.3.3
      is-glob: 4.0.3
      minimatch: 9.0.5
      semver: 7.7.3
      ts-api-utils: 2.1.0(typescript@5.9.3)
      typescript: 5.9.3
    transitivePeerDependencies:
      - supports-color

  '@typescript-eslint/utils@8.46.0(eslint@9.37.0)(typescript@5.9.3)':
    dependencies:
      '@eslint-community/eslint-utils': 4.9.0(eslint@9.37.0)
      '@typescript-eslint/scope-manager': 8.46.0
      '@typescript-eslint/types': 8.46.0
      '@typescript-eslint/typescript-estree': 8.46.0(typescript@5.9.3)
      eslint: 9.37.0
      typescript: 5.9.3
    transitivePeerDependencies:
      - supports-color

  '@typescript-eslint/visitor-keys@8.46.0':
    dependencies:
      '@typescript-eslint/types': 8.46.0
      eslint-visitor-keys: 4.2.1

  acorn-jsx@5.3.2(acorn@8.15.0):
    dependencies:
      acorn: 8.15.0

  acorn@8.15.0: {}

  ajv@6.12.6:
    dependencies:
      fast-deep-equal: 3.1.3
      fast-json-stable-stringify: 2.1.0
      json-schema-traverse: 0.4.1
      uri-js: 4.4.1

  ansi-styles@4.3.0:
    dependencies:
      color-convert: 2.0.1

  argparse@2.0.1: {}

  balanced-match@1.0.2: {}

  brace-expansion@1.1.12:
    dependencies:
      balanced-match: 1.0.2
      concat-map: 0.0.1

  brace-expansion@2.0.2:
    dependencies:
      balanced-match: 1.0.2

  braces@3.0.3:
    dependencies:
      fill-range: 7.1.1

  callsites@3.1.0: {}

  chalk@4.1.2:
    dependencies:
      ansi-styles: 4.3.0
      supports-color: 7.2.0

  color-convert@2.0.1:
    dependencies:
      color-name: 1.1.4

  color-name@1.1.4: {}

  concat-map@0.0.1: {}

  cross-spawn@7.0.6:
    dependencies:
      path-key: 3.1.1
      shebang-command: 2.0.0
      which: 2.0.2

  debug@4.4.3:
    dependencies:
      ms: 2.1.3

  deep-is@0.1.4: {}

  escape-string-regexp@4.0.0: {}

  eslint-config-prettier@10.1.8(eslint@9.37.0):
    dependencies:
      eslint: 9.37.0

  eslint-plugin-prettier@5.5.4(eslint-config-prettier@10.1.8(eslint@9.37.0))(eslint@9.37.0)(prettier@3.6.2):
    dependencies:
      eslint: 9.37.0
      prettier: 3.6.2
      prettier-linter-helpers: 1.0.0
      synckit: 0.11.11
    optionalDependencies:
      eslint-config-prettier: 10.1.8(eslint@9.37.0)

  eslint-scope@8.4.0:
    dependencies:
      esrecurse: 4.3.0
      estraverse: 5.3.0

  eslint-visitor-keys@3.4.3: {}

  eslint-visitor-keys@4.2.1: {}

  eslint@9.37.0:
    dependencies:
      '@eslint-community/eslint-utils': 4.9.0(eslint@9.37.0)
      '@eslint-community/regexpp': 4.12.1
      '@eslint/config-array': 0.21.0
      '@eslint/config-helpers': 0.4.0
      '@eslint/core': 0.16.0
      '@eslint/eslintrc': 3.3.1
      '@eslint/js': 9.37.0
      '@eslint/plugin-kit': 0.4.0
      '@humanfs/node': 0.16.7
      '@humanwhocodes/module-importer': 1.0.1
      '@humanwhocodes/retry': 0.4.3
      '@types/estree': 1.0.8
      '@types/json-schema': 7.0.15
      ajv: 6.12.6
      chalk: 4.1.2
      cross-spawn: 7.0.6
      debug: 4.4.3
      escape-string-regexp: 4.0.0
      eslint-scope: 8.4.0
      eslint-visitor-keys: 4.2.1
      espree: 10.4.0
      esquery: 1.6.0
      esutils: 2.0.3
      fast-deep-equal: 3.1.3
      file-entry-cache: 8.0.0
      find-up: 5.0.0
      glob-parent: 6.0.2
      ignore: 5.3.2
      imurmurhash: 0.1.4
      is-glob: 4.0.3
      json-stable-stringify-without-jsonify: 1.0.1
      lodash.merge: 4.6.2
      minimatch: 3.1.2
      natural-compare: 1.4.0
      optionator: 0.9.4
    transitivePeerDependencies:
      - supports-color

  espree@10.4.0:
    dependencies:
      acorn: 8.15.0
      acorn-jsx: 5.3.2(acorn@8.15.0)
      eslint-visitor-keys: 4.2.1

  esquery@1.6.0:
    dependencies:
      estraverse: 5.3.0

  esrecurse@4.3.0:
    dependencies:
      estraverse: 5.3.0

  estraverse@5.3.0: {}

  esutils@2.0.3: {}

  fast-deep-equal@3.1.3: {}

  fast-diff@1.3.0: {}

  fast-glob@3.3.3:
    dependencies:
      '@nodelib/fs.stat': 2.0.5
      '@nodelib/fs.walk': 1.2.8
      glob-parent: 5.1.2
      merge2: 1.4.1
      micromatch: 4.0.8

  fast-json-stable-stringify@2.1.0: {}

  fast-levenshtein@2.0.6: {}

  fastq@1.19.1:
    dependencies:
      reusify: 1.1.0

  file-entry-cache@8.0.0:
    dependencies:
      flat-cache: 4.0.1

  fill-range@7.1.1:
    dependencies:
      to-regex-range: 5.0.1

  find-up@5.0.0:
    dependencies:
      locate-path: 6.0.0
      path-exists: 4.0.0

  flat-cache@4.0.1:
    dependencies:
      flatted: 3.3.3
      keyv: 4.5.4

  flatted@3.3.3: {}

  glob-parent@5.1.2:
    dependencies:
      is-glob: 4.0.3

  glob-parent@6.0.2:
    dependencies:
      is-glob: 4.0.3

  globals@14.0.0: {}

  globals@16.4.0: {}

  graphemer@1.4.0: {}

  has-flag@4.0.0: {}

  ignore@5.3.2: {}

  ignore@7.0.5: {}

  import-fresh@3.3.1:
    dependencies:
      parent-module: 1.0.1
      resolve-from: 4.0.0

  imurmurhash@0.1.4: {}

  is-extglob@2.1.1: {}

  is-glob@4.0.3:
    dependencies:
      is-extglob: 2.1.1

  is-number@7.0.0: {}

  isexe@2.0.0: {}

  js-yaml@4.1.0:
    dependencies:
      argparse: 2.0.1

  json-buffer@3.0.1: {}

  json-schema-traverse@0.4.1: {}

  json-stable-stringify-without-jsonify@1.0.1: {}

  keyv@4.5.4:
    dependencies:
      json-buffer: 3.0.1

  levn@0.4.1:
    dependencies:
      prelude-ls: 1.2.1
      type-check: 0.4.0

  locate-path@6.0.0:
    dependencies:
      p-locate: 5.0.0

  lodash.merge@4.6.2: {}

  merge2@1.4.1: {}

  micromatch@4.0.8:
    dependencies:
      braces: 3.0.3
      picomatch: 2.3.1

  minimatch@3.1.2:
    dependencies:
      brace-expansion: 1.1.12

  minimatch@9.0.5:
    dependencies:
      brace-expansion: 2.0.2

  ms@2.1.3: {}

  natural-compare@1.4.0: {}

  optionator@0.9.4:
    dependencies:
      deep-is: 0.1.4
      fast-levenshtein: 2.0.6
      levn: 0.4.1
      prelude-ls: 1.2.1
      type-check: 0.4.0
      word-wrap: 1.2.5

  p-limit@3.1.0:
    dependencies:
      yocto-queue: 0.1.0

  p-locate@5.0.0:
    dependencies:
      p-limit: 3.1.0

  parent-module@1.0.1:
    dependencies:
      callsites: 3.1.0

  path-exists@4.0.0: {}

  path-key@3.1.1: {}

  picomatch@2.3.1: {}

  prelude-ls@1.2.1: {}

  prettier-linter-helpers@1.0.0:
    dependencies:
      fast-diff: 1.3.0

  prettier@3.6.2: {}

  punycode@2.3.1: {}

  queue-microtask@1.2.3: {}

  resolve-from@4.0.0: {}

  reusify@1.1.0: {}

  run-parallel@1.2.0:
    dependencies:
      queue-microtask: 1.2.3

  semver@7.7.3: {}

  shebang-command@2.0.0:
    dependencies:
      shebang-regex: 3.0.0

  shebang-regex@3.0.0: {}

  strip-json-comments@3.1.1: {}

  supports-color@7.2.0:
    dependencies:
      has-flag: 4.0.0

  synckit@0.11.11:
    dependencies:
      '@pkgr/core': 0.2.9

  to-regex-range@5.0.1:
    dependencies:
      is-number: 7.0.0

  ts-api-utils@2.1.0(typescript@5.9.3):
    dependencies:
      typescript: 5.9.3

  type-check@0.4.0:
    dependencies:
      prelude-ls: 1.2.1

  typescript-eslint@8.46.0(eslint@9.37.0)(typescript@5.9.3):
    dependencies:
      '@typescript-eslint/eslint-plugin': 8.46.0(@typescript-eslint/parser@8.46.0(eslint@9.37.0)(typescript@5.9.3))(eslint@9.37.0)(typescript@5.9.3)
      '@typescript-eslint/parser': 8.46.0(eslint@9.37.0)(typescript@5.9.3)
      '@typescript-eslint/typescript-estree': 8.46.0(typescript@5.9.3)
      '@typescript-eslint/utils': 8.46.0(eslint@9.37.0)(typescript@5.9.3)
      eslint: 9.37.0
      typescript: 5.9.3
    transitivePeerDependencies:
      - supports-color

  typescript@5.9.3: {}

  uri-js@4.4.1:
    dependencies:
      punycode: 2.3.1

  which@2.0.2:
    dependencies:
      isexe: 2.0.0

  word-wrap@1.2.5: {}

  yocto-queue@0.1.0: {}
